
Microsoft Visual Studio Solution File, Format Version 12.00
# Visual Studio 15
VisualStudioVersion = 15.0.27428.2015
MinimumVisualStudioVersion = 10.0.40219.1
Project("{9A19103F-16F7-4668-BE54-9A1E7A4F7556}") = "ITShare.csharp.Module1.Types", "ITShare.csharp.Samples\ITShare.csharp.Module1.Types.csproj", "{02ADD312-9CD9-4C8D-8FCC-B50476D36DF4}"
EndProject
Project("{9A19103F-16F7-4668-BE54-9A1E7A4F7556}") = "ITShare.csharp.Module1.Operators", "..\ITShare.csharp.Module1.Operators\ITShare.csharp.Module1.Operators.csproj", "{2DC4C4BD-45F9-4C3F-BA14-6DFDD1BE67F6}"
EndProject
Project("{9A19103F-16F7-4668-BE54-9A1E7A4F7556}") = "ITShare.CSharp.Module1.ConditionalStatements", "ITShare.CSharp.Module1.ConditionalStatements\ITShare.CSharp.Module1.ConditionalStatements.csproj", "{5F7613FF-DA0E-4605-8F47-362A2577EA40}"
EndProject
Project("{9A19103F-16F7-4668-BE54-9A1E7A4F7556}") = "ITShare.CSharp.Module1.Loops", "ITShare.CSharp.Module1.Loops\ITShare.CSharp.Module1.Loops.csproj", "{7593D028-4F98-4C26-BB0C-076F77C08431}"
EndProject
Project("{9A19103F-16F7-4668-BE54-9A1E7A4F7556}") = "ITShare.CSharp.Module1.Arrays", "ITShare.CSharp.Module1.Arrays\ITShare.CSharp.Module1.Arrays.csproj", "{0BB98B5A-E564-41AA-9F1F-F5E102CAAD6A}"
EndProject
Project("{9A19103F-16F7-4668-BE54-9A1E7A4F7556}") = "ITShare.CSharp.Module2.Methods", "ITShare.CSharp.Module2.Methods\ITShare.CSharp.Module2.Methods.csproj", "{D770803D-1130-471B-9487-FC118973A104}"
EndProject
Project("{2150E333-8FDC-42A3-9474-1A3956D46DE8}") = "Module1", "Module1", "{D4FFA677-D5E9-4E3C-A524-3CAE6E94580C}"
EndProject
Project("{2150E333-8FDC-42A3-9474-1A3956D46DE8}") = "Module2", "Module2", "{F26B663C-4675-41A2-8A69-0C3AC27D7A0A}"
EndProject
Project("{2150E333-8FDC-42A3-9474-1A3956D46DE8}") = "Module3", "Module3", "{6BB4D7A4-3BBB-4E06-8393-8A147CFB7838}"
EndProject
Project("{9A19103F-16F7-4668-BE54-9A1E7A4F7556}") = "ITShare.CSharp.Module2.ExceptionHandling", "ITShare.CSharp.Module2.ExceptionHandling\ITShare.CSharp.Module2.ExceptionHandling.csproj", "{C574CF0A-563B-4238-8B01-C076373BCC52}"
EndProject
Project("{9A19103F-16F7-4668-BE54-9A1E7A4F7556}") = "ITShare.CSharp.Module3.GenericLists", "ITShare.CSharp.Module1.GenericLists\ITShare.CSharp.Module3.GenericLists.csproj", "{D0F5E6CF-2A4D-4CD3-BE6E-C966FDA26E92}"
EndProject
Project("{9A19103F-16F7-4668-BE54-9A1E7A4F7556}") = "ITShare.CSharp.Module3.Dictionary", "ITShare.CSharp.Module3.Dictionary\ITShare.CSharp.Module3.Dictionary.csproj", "{52A1F510-4531-49E2-89AD-A2D436EB0983}"
EndProject
Project("{9A19103F-16F7-4668-BE54-9A1E7A4F7556}") = "ITShare.CSharp.Module3.CustomCollections", "ITShare.CSharp.Module3.CustomCollections\ITShare.CSharp.Module3.CustomCollections.csproj", "{A9A3628C-69B0-4318-8559-59097F5453C7}"
EndProject
Project("{9A19103F-16F7-4668-BE54-9A1E7A4F7556}") = "ITShare.CSharp.Module3.Iterators", "ITShare.CSharp.Module3.Iterators\ITShare.CSharp.Module3.Iterators.csproj", "{0224C2E9-D799-4D40-86A9-3C8F99B8C72D}"
EndProject
Project("{FAE04EC0-301F-11D3-BF4B-00C04F79EFBC}") = "ITShare.Module.WindowsFormsSample", "ITShare.Module.WindowsFormsSample\ITShare.Module.WindowsFormsSample.csproj", "{21B01700-C175-433F-AE80-CF34BEB280F6}"
EndProject
Project("{2150E333-8FDC-42A3-9474-1A3956D46DE8}") = "Module4", "Module4", "{30C28E1A-C453-467C-A1D2-6F0EB42CE056}"
EndProject
Project("{FAE04EC0-301F-11D3-BF4B-00C04F79EFBC}") = "ITShare.csharp.Module4.Classes", "ITShare.csharp.Module4.Classes\ITShare.csharp.Module4.Classes.csproj", "{B0CE18BE-96D5-40A2-B159-3333F877377D}"
EndProject
Project("{9A19103F-16F7-4668-BE54-9A1E7A4F7556}") = "ITShare.CSharp.Module4.Database", "ITShare.CSharp.Module4.Database\ITShare.CSharp.Module4.Database.csproj", "{98EE0E39-2D1F-448A-A2AF-8EAF9A759BAC}"
EndProject
Project("{2150E333-8FDC-42A3-9474-1A3956D46DE8}") = "Module5", "Module5", "{42C42AA0-13D6-4742-8518-7ECC5B16D920}"
EndProject
Project("{FAE04EC0-301F-11D3-BF4B-00C04F79EFBC}") = "ITShare.Csharp.Module5", "ITShare.Csharp.Module5\ITShare.Csharp.Module5.csproj", "{E370A5EF-4A7E-431E-8F4E-E032C64F27B5}"
EndProject
Project("{2150E333-8FDC-42A3-9474-1A3956D46DE8}") = "Module6", "Module6", "{F63FF92B-6EF4-46FA-B8DF-EF02DA06B505}"
EndProject
Project("{FAE04EC0-301F-11D3-BF4B-00C04F79EFBC}") = "ITShare.CSharp.Colections", "ITShare.CSharp.Colections\ITShare.CSharp.Colections.csproj", "{3DB1EEC8-BF0E-4499-92A1-1E33A9C8D017}"
EndProject
Project("{2150E333-8FDC-42A3-9474-1A3956D46DE8}") = "Module7", "Module7", "{9DF5D003-71F3-4CA2-BE20-95382835DCDD}"
EndProject
Project("{FAE04EC0-301F-11D3-BF4B-00C04F79EFBC}") = "ITShare.csharp.samples.LambdaExpressions", "ITShare.csharp.samples.LambdaExpressions\ITShare.csharp.samples.LambdaExpressions.csproj", "{7933A457-3B66-4467-8C40-BCB8976E6A70}"
EndProject
Project("{FAE04EC0-301F-11D3-BF4B-00C04F79EFBC}") = "ITShare.samples.LINQ", "ITShare.samples.LINQ\ITShare.samples.LINQ.csproj", "{9420264D-05DA-43CE-8D96-C382544E92F4}"
EndProject
Global
	GlobalSection(SolutionConfigurationPlatforms) = preSolution
		Debug|Any CPU = Debug|Any CPU
		Release|Any CPU = Release|Any CPU
	EndGlobalSection
	GlobalSection(ProjectConfigurationPlatforms) = postSolution
		{02ADD312-9CD9-4C8D-8FCC-B50476D36DF4}.Debug|Any CPU.ActiveCfg = Debug|Any CPU
		{02ADD312-9CD9-4C8D-8FCC-B50476D36DF4}.Debug|Any CPU.Build.0 = Debug|Any CPU
		{02ADD312-9CD9-4C8D-8FCC-B50476D36DF4}.Release|Any CPU.ActiveCfg = Release|Any CPU
		{02ADD312-9CD9-4C8D-8FCC-B50476D36DF4}.Release|Any CPU.Build.0 = Release|Any CPU
		{2DC4C4BD-45F9-4C3F-BA14-6DFDD1BE67F6}.Debug|Any CPU.ActiveCfg = Debug|Any CPU
		{2DC4C4BD-45F9-4C3F-BA14-6DFDD1BE67F6}.Debug|Any CPU.Build.0 = Debug|Any CPU
		{2DC4C4BD-45F9-4C3F-BA14-6DFDD1BE67F6}.Release|Any CPU.ActiveCfg = Release|Any CPU
		{2DC4C4BD-45F9-4C3F-BA14-6DFDD1BE67F6}.Release|Any CPU.Build.0 = Release|Any CPU
		{5F7613FF-DA0E-4605-8F47-362A2577EA40}.Debug|Any CPU.ActiveCfg = Debug|Any CPU
		{5F7613FF-DA0E-4605-8F47-362A2577EA40}.Debug|Any CPU.Build.0 = Debug|Any CPU
		{5F7613FF-DA0E-4605-8F47-362A2577EA40}.Release|Any CPU.ActiveCfg = Release|Any CPU
		{5F7613FF-DA0E-4605-8F47-362A2577EA40}.Release|Any CPU.Build.0 = Release|Any CPU
		{7593D028-4F98-4C26-BB0C-076F77C08431}.Debug|Any CPU.ActiveCfg = Debug|Any CPU
		{7593D028-4F98-4C26-BB0C-076F77C08431}.Debug|Any CPU.Build.0 = Debug|Any CPU
		{7593D028-4F98-4C26-BB0C-076F77C08431}.Release|Any CPU.ActiveCfg = Release|Any CPU
		{7593D028-4F98-4C26-BB0C-076F77C08431}.Release|Any CPU.Build.0 = Release|Any CPU
		{0BB98B5A-E564-41AA-9F1F-F5E102CAAD6A}.Debug|Any CPU.ActiveCfg = Debug|Any CPU
		{0BB98B5A-E564-41AA-9F1F-F5E102CAAD6A}.Debug|Any CPU.Build.0 = Debug|Any CPU
		{0BB98B5A-E564-41AA-9F1F-F5E102CAAD6A}.Release|Any CPU.ActiveCfg = Release|Any CPU
		{0BB98B5A-E564-41AA-9F1F-F5E102CAAD6A}.Release|Any CPU.Build.0 = Release|Any CPU
		{D770803D-1130-471B-9487-FC118973A104}.Debug|Any CPU.ActiveCfg = Debug|Any CPU
		{D770803D-1130-471B-9487-FC118973A104}.Debug|Any CPU.Build.0 = Debug|Any CPU
		{D770803D-1130-471B-9487-FC118973A104}.Release|Any CPU.ActiveCfg = Release|Any CPU
		{D770803D-1130-471B-9487-FC118973A104}.Release|Any CPU.Build.0 = Release|Any CPU
		{C574CF0A-563B-4238-8B01-C076373BCC52}.Debug|Any CPU.ActiveCfg = Debug|Any CPU
		{C574CF0A-563B-4238-8B01-C076373BCC52}.Debug|Any CPU.Build.0 = Debug|Any CPU
		{C574CF0A-563B-4238-8B01-C076373BCC52}.Release|Any CPU.ActiveCfg = Release|Any CPU
		{C574CF0A-563B-4238-8B01-C076373BCC52}.Release|Any CPU.Build.0 = Release|Any CPU
		{D0F5E6CF-2A4D-4CD3-BE6E-C966FDA26E92}.Debug|Any CPU.ActiveCfg = Debug|Any CPU
		{D0F5E6CF-2A4D-4CD3-BE6E-C966FDA26E92}.Debug|Any CPU.Build.0 = Debug|Any CPU
		{D0F5E6CF-2A4D-4CD3-BE6E-C966FDA26E92}.Release|Any CPU.ActiveCfg = Release|Any CPU
		{D0F5E6CF-2A4D-4CD3-BE6E-C966FDA26E92}.Release|Any CPU.Build.0 = Release|Any CPU
		{52A1F510-4531-49E2-89AD-A2D436EB0983}.Debug|Any CPU.ActiveCfg = Debug|Any CPU
		{52A1F510-4531-49E2-89AD-A2D436EB0983}.Debug|Any CPU.Build.0 = Debug|Any CPU
		{52A1F510-4531-49E2-89AD-A2D436EB0983}.Release|Any CPU.ActiveCfg = Release|Any CPU
		{52A1F510-4531-49E2-89AD-A2D436EB0983}.Release|Any CPU.Build.0 = Release|Any CPU
		{A9A3628C-69B0-4318-8559-59097F5453C7}.Debug|Any CPU.ActiveCfg = Debug|Any CPU
		{A9A3628C-69B0-4318-8559-59097F5453C7}.Debug|Any CPU.Build.0 = Debug|Any CPU
		{A9A3628C-69B0-4318-8559-59097F5453C7}.Release|Any CPU.ActiveCfg = Release|Any CPU
		{A9A3628C-69B0-4318-8559-59097F5453C7}.Release|Any CPU.Build.0 = Release|Any CPU
		{0224C2E9-D799-4D40-86A9-3C8F99B8C72D}.Debug|Any CPU.ActiveCfg = Debug|Any CPU
		{0224C2E9-D799-4D40-86A9-3C8F99B8C72D}.Debug|Any CPU.Build.0 = Debug|Any CPU
		{0224C2E9-D799-4D40-86A9-3C8F99B8C72D}.Release|Any CPU.ActiveCfg = Release|Any CPU
		{0224C2E9-D799-4D40-86A9-3C8F99B8C72D}.Release|Any CPU.Build.0 = Release|Any CPU
		{21B01700-C175-433F-AE80-CF34BEB280F6}.Debug|Any CPU.ActiveCfg = Debug|Any CPU
		{21B01700-C175-433F-AE80-CF34BEB280F6}.Debug|Any CPU.Build.0 = Debug|Any CPU
		{21B01700-C175-433F-AE80-CF34BEB280F6}.Release|Any CPU.ActiveCfg = Release|Any CPU
		{21B01700-C175-433F-AE80-CF34BEB280F6}.Release|Any CPU.Build.0 = Release|Any CPU
		{B0CE18BE-96D5-40A2-B159-3333F877377D}.Debug|Any CPU.ActiveCfg = Debug|Any CPU
		{B0CE18BE-96D5-40A2-B159-3333F877377D}.Debug|Any CPU.Build.0 = Debug|Any CPU
		{B0CE18BE-96D5-40A2-B159-3333F877377D}.Release|Any CPU.ActiveCfg = Release|Any CPU
		{B0CE18BE-96D5-40A2-B159-3333F877377D}.Release|Any CPU.Build.0 = Release|Any CPU
		{98EE0E39-2D1F-448A-A2AF-8EAF9A759BAC}.Debug|Any CPU.ActiveCfg = Debug|Any CPU
		{98EE0E39-2D1F-448A-A2AF-8EAF9A759BAC}.Debug|Any CPU.Build.0 = Debug|Any CPU
		{98EE0E39-2D1F-448A-A2AF-8EAF9A759BAC}.Release|Any CPU.ActiveCfg = Release|Any CPU
		{98EE0E39-2D1F-448A-A2AF-8EAF9A759BAC}.Release|Any CPU.Build.0 = Release|Any CPU
		{E370A5EF-4A7E-431E-8F4E-E032C64F27B5}.Debug|Any CPU.ActiveCfg = Debug|Any CPU
		{E370A5EF-4A7E-431E-8F4E-E032C64F27B5}.Debug|Any CPU.Build.0 = Debug|Any CPU
		{E370A5EF-4A7E-431E-8F4E-E032C64F27B5}.Release|Any CPU.ActiveCfg = Release|Any CPU
		{E370A5EF-4A7E-431E-8F4E-E032C64F27B5}.Release|Any CPU.Build.0 = Release|Any CPU
		{3DB1EEC8-BF0E-4499-92A1-1E33A9C8D017}.Debug|Any CPU.ActiveCfg = Debug|Any CPU
		{3DB1EEC8-BF0E-4499-92A1-1E33A9C8D017}.Debug|Any CPU.Build.0 = Debug|Any CPU
		{3DB1EEC8-BF0E-4499-92A1-1E33A9C8D017}.Release|Any CPU.ActiveCfg = Release|Any CPU
		{3DB1EEC8-BF0E-4499-92A1-1E33A9C8D017}.Release|Any CPU.Build.0 = Release|Any CPU
		{7933A457-3B66-4467-8C40-BCB8976E6A70}.Debug|Any CPU.ActiveCfg = Debug|Any CPU
		{7933A457-3B66-4467-8C40-BCB8976E6A70}.Debug|Any CPU.Build.0 = Debug|Any CPU
		{7933A457-3B66-4467-8C40-BCB8976E6A70}.Release|Any CPU.ActiveCfg = Release|Any CPU
		{7933A457-3B66-4467-8C40-BCB8976E6A70}.Release|Any CPU.Build.0 = Release|Any CPU
		{9420264D-05DA-43CE-8D96-C382544E92F4}.Debug|Any CPU.ActiveCfg = Debug|Any CPU
		{9420264D-05DA-43CE-8D96-C382544E92F4}.Debug|Any CPU.Build.0 = Debug|Any CPU
		{9420264D-05DA-43CE-8D96-C382544E92F4}.Release|Any CPU.ActiveCfg = Release|Any CPU
		{9420264D-05DA-43CE-8D96-C382544E92F4}.Release|Any CPU.Build.0 = Release|Any CPU
	EndGlobalSection
	GlobalSection(SolutionProperties) = preSolution
		HideSolutionNode = FALSE
	EndGlobalSection
	GlobalSection(NestedProjects) = preSolution
		{02ADD312-9CD9-4C8D-8FCC-B50476D36DF4} = {D4FFA677-D5E9-4E3C-A524-3CAE6E94580C}
		{2DC4C4BD-45F9-4C3F-BA14-6DFDD1BE67F6} = {D4FFA677-D5E9-4E3C-A524-3CAE6E94580C}
		{5F7613FF-DA0E-4605-8F47-362A2577EA40} = {D4FFA677-D5E9-4E3C-A524-3CAE6E94580C}
		{7593D028-4F98-4C26-BB0C-076F77C08431} = {D4FFA677-D5E9-4E3C-A524-3CAE6E94580C}
		{0BB98B5A-E564-41AA-9F1F-F5E102CAAD6A} = {D4FFA677-D5E9-4E3C-A524-3CAE6E94580C}
		{D770803D-1130-471B-9487-FC118973A104} = {F26B663C-4675-41A2-8A69-0C3AC27D7A0A}
		{C574CF0A-563B-4238-8B01-C076373BCC52} = {F26B663C-4675-41A2-8A69-0C3AC27D7A0A}
		{D0F5E6CF-2A4D-4CD3-BE6E-C966FDA26E92} = {6BB4D7A4-3BBB-4E06-8393-8A147CFB7838}
		{52A1F510-4531-49E2-89AD-A2D436EB0983} = {6BB4D7A4-3BBB-4E06-8393-8A147CFB7838}
		{A9A3628C-69B0-4318-8559-59097F5453C7} = {6BB4D7A4-3BBB-4E06-8393-8A147CFB7838}
		{0224C2E9-D799-4D40-86A9-3C8F99B8C72D} = {6BB4D7A4-3BBB-4E06-8393-8A147CFB7838}
		{21B01700-C175-433F-AE80-CF34BEB280F6} = {D4FFA677-D5E9-4E3C-A524-3CAE6E94580C}
		{B0CE18BE-96D5-40A2-B159-3333F877377D} = {30C28E1A-C453-467C-A1D2-6F0EB42CE056}
		{98EE0E39-2D1F-448A-A2AF-8EAF9A759BAC} = {30C28E1A-C453-467C-A1D2-6F0EB42CE056}
		{E370A5EF-4A7E-431E-8F4E-E032C64F27B5} = {42C42AA0-13D6-4742-8518-7ECC5B16D920}
		{3DB1EEC8-BF0E-4499-92A1-1E33A9C8D017} = {F63FF92B-6EF4-46FA-B8DF-EF02DA06B505}
		{7933A457-3B66-4467-8C40-BCB8976E6A70} = {9DF5D003-71F3-4CA2-BE20-95382835DCDD}
	EndGlobalSection
	GlobalSection(ExtensibilityGlobals) = postSolution
		SolutionGuid = {ED2C7C7C-AD36-4B93-8B7F-296A3AEE49A2}
	EndGlobalSection
EndGlobal
